<?xml version="1.0" encoding="UTF-8" standalone="yes" ?>
<CodeBlocks_project_file>
	<FileVersion major="1" minor="6" />
	<Project>
		<Option title="DisparityMapping" />
		<Option pch_mode="2" />
		<Option compiler="gcc" />
		<Build>
			<Target title="Debug">
				<Option output="./libDisparityMapping" prefix_auto="0" extension_auto="1" />
				<Option object_output="obj/Debug/" />
				<Option type="3" />
				<Option compiler="gcc" />
				<Compiler>
					<Add option="-g" />
					<Add option="`pkg-config --cflags opencv`" />
				</Compiler>
			</Target>
			<Target title="Release">
				<Option output="./libDisparityMapping" prefix_auto="0" extension_auto="1" />
				<Option object_output="obj/Release/" />
				<Option type="3" />
				<Option compiler="gcc" />
				<Compiler>
					<Add option="-O2" />
				</Compiler>
				<Linker>
					<Add option="-s" />
				</Linker>
			</Target>
		</Build>
		<Compiler>
			<Add option="-Wall" />
			<Add option="-fexceptions" />
			<Add option="-fPIC" />
		</Compiler>
		<Linker>
			<Add option="`pkg-config --libs opencv`" />
		</Linker>
		<Unit filename="DisparityMapping.cpp" />
		<Unit filename="DisparityMapping.h" />
		<Unit filename="imageStream.cpp" />
		<Unit filename="imageStream.h" />
		<Unit filename="opticalFlow.cpp" />
		<Unit filename="opticalFlow.h" />
		<Unit filename="sgbm.cpp" />
		<Unit filename="sgbm.h" />
		<Unit filename="stereo_calib.cpp" />
		<Unit filename="stereo_calib.h" />
		<Unit filename="stereo_calibrate.cpp" />
		<Unit filename="stereo_calibrate.h" />
		<Extensions>
			<envvars />
			<code_completion />
			<debugger />
			<lib_finder disable_auto="1" />
		</Extensions>
	</Project>
</CodeBlocks_project_file>
