<?xml version="1.0" encoding="UTF-8" standalone="yes" ?>
<CodeBlocks_project_file>
	<FileVersion major="1" minor="6" />
	<Project>
		<Option title="testSkeleton" />
		<Option pch_mode="2" />
		<Option compiler="gcc" />
		<Build>
			<Target title="Debug">
				<Option output="./testSkeleton" prefix_auto="0" extension_auto="1" />
				<Option object_output="obj/Debug/" />
				<Option type="1" />
				<Option compiler="gcc" />
				<Option parameters="/home/ammar/Documents/Programming/FORTH/input_acquisition/grabbed_frames/MHAD101-frames/51-frames/pair_00/seq_1/dnnOut/0000_s10_a06_r01.json 1  " />
				<Compiler>
					<Add option="-g" />
				</Compiler>
			</Target>
			<Target title="Release">
				<Option output="./testSkeleton" prefix_auto="0" extension_auto="1" />
				<Option object_output="obj/Release/" />
				<Option type="1" />
				<Option compiler="gcc" />
				<Compiler>
					<Add option="-O2" />
				</Compiler>
				<Linker>
					<Add option="-s" />
				</Linker>
			</Target>
		</Build>
		<Compiler>
			<Add option="-Wall" />
		</Compiler>
		<Unit filename="../../opengl_acquisition_shared_library/opengl_depth_and_color_renderer/src/TrajectoryParser/InputParser_C.c">
			<Option compilerVar="CC" />
		</Unit>
		<Unit filename="../../opengl_acquisition_shared_library/opengl_depth_and_color_renderer/src/TrajectoryParser/InputParser_C.h" />
		<Unit filename="jsonCocoSkeleton.c">
			<Option compilerVar="CC" />
		</Unit>
		<Unit filename="jsonCocoSkeleton.h" />
		<Unit filename="nao_geometry.h" />
		<Unit filename="skeleton.h" />
		<Unit filename="testSkeleton.c">
			<Option compilerVar="CC" />
		</Unit>
		<Extensions>
			<code_completion />
			<debugger />
			<envvars />
		</Extensions>
	</Project>
</CodeBlocks_project_file>
