<?xml version="1.0" encoding="UTF-8" standalone="yes" ?>
<CodeBlocks_project_file>
	<FileVersion major="1" minor="6" />
	<Project>
		<Option title="TestBody" />
		<Option pch_mode="2" />
		<Option compiler="gcc" />
		<Build>
			<Target title="Debug">
				<Option output="./TestBody" prefix_auto="0" extension_auto="1" />
				<Option object_output="obj/Debug/" />
				<Option type="1" />
				<Option compiler="gcc" />
				<Compiler>
					<Add option="-g" />
				</Compiler>
			</Target>
			<Target title="Release">
				<Option output="./TestBody" prefix_auto="0" extension_auto="1" />
				<Option object_output="obj/Release/" />
				<Option type="1" />
				<Option compiler="gcc" />
				<Compiler>
					<Add option="-O2" />
				</Compiler>
				<Linker>
					<Add option="-s" />
				</Linker>
			</Target>
		</Build>
		<Compiler>
			<Add option="-Wall" />
		</Compiler>
		<Linker>
			<Add library="./libAcquisition.so" />
			<Add library="../../tools/Calibration/libCalibrationLibrary.a" />
			<Add library="../../tools/Timers/libTimers.a" />
			<Add library="../../tools/OperatingSystem/libOperatingSystem.a" />
			<Add library="../../tools/Codecs/libCodecs.a" />
			<Add library="png" />
			<Add library="jpeg" />
		</Linker>
		<Unit filename="../../acquisition/Acquisition.h" />
		<Unit filename="../../opengl_acquisition_shared_library/opengl_depth_and_color_renderer/src/ModelLoader/model_loader_transform_joints.c">
			<Option compilerVar="CC" />
		</Unit>
		<Unit filename="../../opengl_acquisition_shared_library/opengl_depth_and_color_renderer/src/ModelLoader/model_loader_transform_joints.h" />
		<Unit filename="../../opengl_acquisition_shared_library/opengl_depth_and_color_renderer/src/ModelLoader/model_loader_tri.c">
			<Option compilerVar="CC" />
		</Unit>
		<Unit filename="../../opengl_acquisition_shared_library/opengl_depth_and_color_renderer/src/ModelLoader/model_loader_tri.h" />
		<Unit filename="../../opengl_acquisition_shared_library/opengl_depth_and_color_renderer/src/ModelLoader/model_processor.c">
			<Option compilerVar="CC" />
		</Unit>
		<Unit filename="../../opengl_acquisition_shared_library/opengl_depth_and_color_renderer/src/ModelLoader/model_processor.h" />
		<Unit filename="../../opengl_acquisition_shared_library/opengl_depth_and_color_renderer/src/TrajectoryParser/InputParser_C.c">
			<Option compilerVar="CC" />
		</Unit>
		<Unit filename="../../opengl_acquisition_shared_library/opengl_depth_and_color_renderer/src/TrajectoryParser/InputParser_C.h" />
		<Unit filename="../../tools/AmMatrix/collisions.c">
			<Option compilerVar="CC" />
		</Unit>
		<Unit filename="../../tools/AmMatrix/collisions.h" />
		<Unit filename="../../tools/AmMatrix/matrix3x3Tools.c">
			<Option compilerVar="CC" />
		</Unit>
		<Unit filename="../../tools/AmMatrix/matrix3x3Tools.h" />
		<Unit filename="../../tools/AmMatrix/matrix4x4Tools.c">
			<Option compilerVar="CC" />
		</Unit>
		<Unit filename="../../tools/AmMatrix/matrix4x4Tools.h" />
		<Unit filename="../../tools/AmMatrix/matrixCalculations.c">
			<Option compilerVar="CC" />
		</Unit>
		<Unit filename="../../tools/AmMatrix/matrixCalculations.h" />
		<Unit filename="../../tools/AmMatrix/matrixProject.c">
			<Option compilerVar="CC" />
		</Unit>
		<Unit filename="../../tools/AmMatrix/matrixProject.h" />
		<Unit filename="../../tools/AmMatrix/matrixTools.h" />
		<Unit filename="../../tools/AmMatrix/ocvStaging.c">
			<Option compilerVar="CC" />
		</Unit>
		<Unit filename="../../tools/AmMatrix/ocvStaging.h" />
		<Unit filename="../../tools/AmMatrix/quaternions.c">
			<Option compilerVar="CC" />
		</Unit>
		<Unit filename="../../tools/AmMatrix/quaternions.h" />
		<Unit filename="../../tools/AmMatrix/solveHomography.c">
			<Option compilerVar="CC" />
		</Unit>
		<Unit filename="../../tools/AmMatrix/solveHomography.h" />
		<Unit filename="../../tools/AmMatrix/solveLinearSystemGJ.c">
			<Option compilerVar="CC" />
		</Unit>
		<Unit filename="../../tools/AmMatrix/solveLinearSystemGJ.h" />
		<Unit filename="../../tools/Primitives/jsonCocoSkeleton.c">
			<Option compilerVar="CC" />
		</Unit>
		<Unit filename="../../tools/Primitives/jsonCocoSkeleton.h" />
		<Unit filename="../../tools/Primitives/skeleton.h" />
		<Unit filename="main.c">
			<Option compilerVar="CC" />
		</Unit>
		<Unit filename="smartbody_tri_converter.c">
			<Option compilerVar="CC" />
		</Unit>
		<Unit filename="smartbody_tri_converter.h" />
		<Extensions>
			<envvars />
			<code_completion />
			<lib_finder disable_auto="1" />
			<debugger />
		</Extensions>
	</Project>
</CodeBlocks_project_file>
