<?xml version="1.0" encoding="UTF-8" standalone="yes" ?>
<CodeBlocks_project_file>
	<FileVersion major="1" minor="6" />
	<Project>
		<Option title="fast" />
		<Option pch_mode="2" />
		<Option compiler="gcc" />
		<Build>
			<Target title="Debug">
				<Option output="./Fast" prefix_auto="1" extension_auto="1" />
				<Option working_dir="" />
				<Option object_output="obj/Debug/" />
				<Option type="2" />
				<Option compiler="gcc" />
				<Option createDefFile="1" />
				<Compiler>
					<Add option="-Wall" />
					<Add option="-g" />
				</Compiler>
			</Target>
			<Target title="Release">
				<Option output="./Fast" prefix_auto="1" extension_auto="1" />
				<Option working_dir="" />
				<Option object_output="obj/Release/" />
				<Option type="2" />
				<Option compiler="gcc" />
				<Option createDefFile="1" />
				<Compiler>
					<Add option="-Wall" />
					<Add option="-O2" />
				</Compiler>
				<Linker>
					<Add option="-s" />
				</Linker>
			</Target>
		</Build>
		<Compiler>
			<Add option="-fPIC" />
		</Compiler>
		<Unit filename="fast.c">
			<Option compilerVar="CC" />
		</Unit>
		<Unit filename="fast.h" />
		<Unit filename="fast_10.c">
			<Option compilerVar="CC" />
		</Unit>
		<Unit filename="fast_11.c">
			<Option compilerVar="CC" />
		</Unit>
		<Unit filename="fast_12.c">
			<Option compilerVar="CC" />
		</Unit>
		<Unit filename="fast_9.c">
			<Option compilerVar="CC" />
		</Unit>
		<Unit filename="nonmax.c">
			<Option compilerVar="CC" />
		</Unit>
		<Extensions>
			<envvars />
			<code_completion />
			<debugger />
		</Extensions>
	</Project>
</CodeBlocks_project_file>
