<?xml version="1.0" encoding="UTF-8" standalone="yes" ?>
<CodeBlocks_project_file>
	<FileVersion major="1" minor="6" />
	<Project>
		<Option title="ImageOperations" />
		<Option pch_mode="2" />
		<Option compiler="gcc" />
		<Build>
			<Target title="Debug">
				<Option output="bin/Debug/ImageOperations" prefix_auto="1" extension_auto="1" />
				<Option working_dir="" />
				<Option object_output="obj/Debug/" />
				<Option type="2" />
				<Option compiler="gcc" />
				<Option createDefFile="1" />
				<Compiler>
					<Add option="-Wall" />
					<Add option="-g" />
				</Compiler>
			</Target>
			<Target title="Release">
				<Option output="bin/Release/ImageOperations" prefix_auto="1" extension_auto="1" />
				<Option working_dir="" />
				<Option object_output="obj/Release/" />
				<Option type="2" />
				<Option compiler="gcc" />
				<Option createDefFile="1" />
				<Compiler>
					<Add option="-Wall" />
					<Add option="-O2" />
				</Compiler>
				<Linker>
					<Add option="-s" />
				</Linker>
			</Target>
		</Build>
		<Unit filename="findSubImage.c">
			<Option compilerVar="CC" />
		</Unit>
		<Unit filename="findSubImage.h" />
		<Unit filename="imageOps.c">
			<Option compilerVar="CC" />
		</Unit>
		<Unit filename="imageOps.h" />
		<Unit filename="joinMPO.c">
			<Option compilerVar="CC" />
		</Unit>
		<Unit filename="main.c">
			<Option compilerVar="CC" />
		</Unit>
		<Unit filename="ocr.c">
			<Option compilerVar="CC" />
		</Unit>
		<Unit filename="ocr.h" />
		<Unit filename="patchComparison.c">
			<Option compilerVar="CC" />
		</Unit>
		<Unit filename="patchComparison.h" />
		<Unit filename="patternSets.c">
			<Option compilerVar="CC" />
		</Unit>
		<Unit filename="patternSets.h" />
		<Unit filename="splitMPO.c">
			<Option compilerVar="CC" />
		</Unit>
		<Extensions>
			<envvars />
			<code_completion />
			<lib_finder disable_auto="1" />
			<debugger />
		</Extensions>
	</Project>
</CodeBlocks_project_file>
