<?xml version="1.0" encoding="UTF-8" standalone="yes" ?>
<CodeBlocks_project_file>
	<FileVersion major="1" minor="6" />
	<Project>
		<Option title="Codecs" />
		<Option pch_mode="2" />
		<Option compiler="gcc" />
		<Build>
			<Target title="Debug">
				<Option output="./libCodecs" prefix_auto="0" extension_auto="1" />
				<Option working_dir="" />
				<Option object_output="obj/Debug/" />
				<Option type="2" />
				<Option compiler="gcc" />
				<Option createDefFile="1" />
				<Compiler>
					<Add option="-Wall" />
					<Add option="-g" />
				</Compiler>
			</Target>
			<Target title="Release">
				<Option output="./libCodecs" prefix_auto="0" extension_auto="1" />
				<Option working_dir="" />
				<Option object_output="obj/Release/" />
				<Option type="2" />
				<Option compiler="gcc" />
				<Option createDefFile="1" />
				<Compiler>
					<Add option="-O2" />
					<Add option="-Wall" />
				</Compiler>
				<Linker>
					<Add option="-s" />
				</Linker>
			</Target>
		</Build>
		<Compiler>
			<Add option="-fPIC" />
			<Add option="-DUSE_JPG_FILES" />
			<Add option="-DUSE_PNG_FILES" />
		</Compiler>
		<Linker>
			<Add library="png" />
			<Add library="jpeg" />
		</Linker>
		<Unit filename="asciiInput.c">
			<Option compilerVar="CC" />
		</Unit>
		<Unit filename="asciiInput.h" />
		<Unit filename="bmpInput.c">
			<Option compilerVar="CC" />
		</Unit>
		<Unit filename="bmpInput.h" />
		<Unit filename="codecs.c">
			<Option compilerVar="CC" />
		</Unit>
		<Unit filename="codecs.h" />
		<Unit filename="jpgExifexternal.c">
			<Option compilerVar="CC" />
		</Unit>
		<Unit filename="jpgExifexternal.h" />
		<Unit filename="jpgExiforient_embed.c">
			<Option compilerVar="CC" />
		</Unit>
		<Unit filename="jpgExiforient_embed.h" />
		<Unit filename="jpgInput.c">
			<Option compilerVar="CC" />
		</Unit>
		<Unit filename="jpgInput.h" />
		<Unit filename="pfmInput.c">
			<Option compilerVar="CC" />
		</Unit>
		<Unit filename="pfmInput.h" />
		<Unit filename="pngInput.c">
			<Option compilerVar="CC" />
		</Unit>
		<Unit filename="pngInput.h" />
		<Unit filename="ppmInput.c">
			<Option compilerVar="CC" />
		</Unit>
		<Unit filename="ppmInput.h" />
		<Extensions>
			<envvars />
			<code_completion />
			<lib_finder disable_auto="1" />
			<debugger />
		</Extensions>
	</Project>
</CodeBlocks_project_file>
