<?xml version="1.0" encoding="UTF-8" standalone="yes" ?>
<CodeBlocks_project_file>
	<FileVersion major="1" minor="6" />
	<Project>
		<Option title="DepthImagesConverter" />
		<Option pch_mode="2" />
		<Option compiler="gcc" />
		<Build>
			<Target title="Debug">
				<Option output="./DepthImagesConverter" prefix_auto="0" extension_auto="1" />
				<Option object_output="obj/Debug/" />
				<Option type="1" />
				<Option compiler="gcc" />
				<Option parameters="depthFrame_0_00010.pnm  test.png" />
				<Compiler>
					<Add option="-g" />
				</Compiler>
			</Target>
			<Target title="Release">
				<Option output="./DepthImagesConverter" prefix_auto="0" extension_auto="1" />
				<Option object_output="obj/Release/" />
				<Option type="1" />
				<Option compiler="gcc" />
				<Compiler>
					<Add option="-O2" />
				</Compiler>
				<Linker>
					<Add option="-s" />
				</Linker>
			</Target>
		</Build>
		<Compiler>
			<Add option="-Wall" />
			<Add option="-fexceptions" />
			<Add option="`pkg-config --cflags opencv`" />
		</Compiler>
		<Linker>
			<Add option="`pkg-config --libs opencv`" />
			<Add option="-ljpeg" />
			<Add option="-lpng" />
			<Add library="../Codecs/libCodecs.a" />
		</Linker>
		<Unit filename="../Codecs/codecs.c">
			<Option compilerVar="CC" />
		</Unit>
		<Unit filename="../Codecs/codecs.h" />
		<Unit filename="../Codecs/jpgExifexternal.c">
			<Option compilerVar="CC" />
		</Unit>
		<Unit filename="../Codecs/jpgExifexternal.h" />
		<Unit filename="../Codecs/jpgExiforient_embed.c">
			<Option compilerVar="CC" />
		</Unit>
		<Unit filename="../Codecs/jpgExiforient_embed.h" />
		<Unit filename="../Codecs/jpgInput.c">
			<Option compilerVar="CC" />
		</Unit>
		<Unit filename="../Codecs/jpgInput.h" />
		<Unit filename="../Codecs/pngInput.c">
			<Option compilerVar="CC" />
		</Unit>
		<Unit filename="../Codecs/pngInput.h" />
		<Unit filename="../Codecs/ppmInput.c">
			<Option compilerVar="CC" />
		</Unit>
		<Unit filename="../Codecs/ppmInput.h" />
		<Unit filename="main.cpp" />
		<Extensions>
			<envvars />
			<code_completion />
			<debugger />
			<lib_finder disable_auto="1" />
		</Extensions>
	</Project>
</CodeBlocks_project_file>
