<?xml version="1.0" encoding="UTF-8" standalone="yes" ?>
<CodeBlocks_project_file>
	<FileVersion major="1" minor="6" />
	<Project>
		<Option title="Panorama" />
		<Option pch_mode="2" />
		<Option compiler="gcc" />
		<Build>
			<Target title="Debug">
				<Option output="panorama" prefix_auto="1" extension_auto="1" />
				<Option object_output="obj/Debug/" />
				<Option type="1" />
				<Option compiler="gcc" />
				<Option use_console_runner="0" />
				<Compiler>
					<Add option="-g" />
				</Compiler>
			</Target>
			<Target title="Release">
				<Option output="panorama" prefix_auto="1" extension_auto="1" />
				<Option object_output="obj/Release/" />
				<Option type="1" />
				<Option compiler="gcc" />
				<Option use_console_runner="0" />
				<Compiler>
					<Add option="-O2" />
				</Compiler>
				<Linker>
					<Add option="-s" />
				</Linker>
			</Target>
		</Build>
		<Compiler>
			<Add option="-Wall" />
			<Add option="-fexceptions" />
			<Add option="-fPIC" />
			<Add option="`pkg-config --cflags opencv`" />
		</Compiler>
		<Linker>
			<Add option="`pkg-config --libs opencv`" />
		</Linker>
		<Unit filename="affine.cpp" />
		<Unit filename="affine.h" />
		<Unit filename="fundamental.cpp" />
		<Unit filename="fundamental.h" />
		<Unit filename="homography.cpp" />
		<Unit filename="homography.h" />
		<Unit filename="panorama.cpp" />
		<Unit filename="reconstruction.cpp" />
		<Unit filename="reconstruction.h" />
		<Unit filename="sift.cpp" />
		<Unit filename="sift.h" />
		<Unit filename="stitcher.cpp" />
		<Unit filename="stitcher.h" />
		<Unit filename="tools.cpp" />
		<Unit filename="tools.h" />
		<Extensions>
			<envvars />
			<code_completion />
			<debugger />
			<lib_finder disable_auto="1" />
		</Extensions>
	</Project>
</CodeBlocks_project_file>
