<?xml version="1.0" encoding="UTF-8" standalone="yes" ?>
<CodeBlocks_project_file>
	<FileVersion major="1" minor="6" />
	<Project>
		<Option title="Grabber" />
		<Option pch_mode="2" />
		<Option compiler="gcc" />
		<Build>
			<Target title="Debug">
				<Option output="Grabber" prefix_auto="1" extension_auto="1" />
				<Option object_output="obj/Debug/" />
				<Option type="1" />
				<Option compiler="gcc" />
				<Compiler>
					<Add option="-g" />
				</Compiler>
			</Target>
			<Target title="Release">
				<Option output="Grabber" prefix_auto="1" extension_auto="1" />
				<Option object_output="obj/Release/" />
				<Option type="1" />
				<Option compiler="gcc" />
				<Compiler>
					<Add option="-O2" />
				</Compiler>
				<Linker>
					<Add option="-s" />
				</Linker>
			</Target>
		</Build>
		<Compiler>
			<Add option="-Wall" />
		</Compiler>
		<Linker>
			<Add library="GL" />
			<Add library="X11" />
			<Add library="../acquisition/libAcquisition.so" />
			<Add library="../3dparty/OpenNI/Platform/Linux/Bin/x64-Release/libnimCodecs.so" />
			<Add library="../3dparty/OpenNI/Platform/Linux/Bin/x64-Release/libnimMockNodes.so" />
			<Add library="../3dparty/OpenNI/Platform/Linux/Bin/x64-Release/libnimRecorder.so" />
			<Add library="../3dparty/OpenNI/Platform/Linux/Bin/x64-Release/libOpenNI.jni.so" />
			<Add library="../3dparty/OpenNI/Platform/Linux/Bin/x64-Release/libOpenNI.so" />
			<Add library="../3dparty/OpenNI2/Bin/x64-Release/libOpenNI2.so" />
			<Add library="../3dparty/libfreenect/build/lib/libfreenect_sync.so" />
			<Add library="../3dparty/libfreenect/build/lib/libfreenect.so" />
			<Add library="../libfreenect_acquisition_shared_library/libFreenectAcquisition.so" />
			<Add library="../openni1_acquisition_shared_library/libOpenNI1Acquisition.so" />
			<Add library="../openni2_acquisition_shared_library/libOpenNI2Acquisition.so" />
			<Add library="../opengl_acquisition_shared_library/libOpenGLAcquisition.so" />
			<Add library="../template_acquisition_shared_library/libTemplateAcquisition.so" />
		</Linker>
		<Unit filename="main.c">
			<Option compilerVar="CC" />
		</Unit>
		<Extensions>
			<envvars />
			<code_completion />
			<debugger />
		</Extensions>
	</Project>
</CodeBlocks_project_file>
